// !$*UTF8*$!
{
	archiveVersion = 1;
	classes = {
	};
	objectVersion = 46;
	objects = {

/* Begin PBXBuildFile section */
		C51C94161A7F1B2700F5B49D /* locationspotter.gpx in Resources */ = {isa = PBXBuildFile; fileRef = C51C94151A7F1B2700F5B49D /* locationspotter.gpx */; };
		C51C94181A80002800F5B49D /* Private.swift in Sources */ = {isa = PBXBuildFile; fileRef = C51C94171A80002800F5B49D /* Private.swift */; };
		C51C94191A80002800F5B49D /* Private.swift in Sources */ = {isa = PBXBuildFile; fileRef = C51C94171A80002800F5B49D /* Private.swift */; };
		C57B50AD1A81A93600D477E1 /* Localizable.strings in Resources */ = {isa = PBXBuildFile; fileRef = C57B50AC1A81A93600D477E1 /* Localizable.strings */; };
		C5D7CB121A81707C00F5823F /* GPX.swift in Sources */ = {isa = PBXBuildFile; fileRef = C5D7CB111A81707C00F5823F /* GPX.swift */; };
		C5D7CB131A8171D100F5823F /* GPX.swift in Sources */ = {isa = PBXBuildFile; fileRef = C5D7CB111A81707C00F5823F /* GPX.swift */; };
		C5D7CB151A81766E00F5823F /* OpenInActivity.swift in Sources */ = {isa = PBXBuildFile; fileRef = C5D7CB141A81766E00F5823F /* OpenInActivity.swift */; };
		C5D7CB191A817A9200F5823F /* MapKit.framework in Frameworks */ = {isa = PBXBuildFile; fileRef = C5D7CB181A817A9200F5823F /* MapKit.framework */; };
		C5D7CB1A1A817C4600F5823F /* OpenInActivity.swift in Sources */ = {isa = PBXBuildFile; fileRef = C5D7CB141A81766E00F5823F /* OpenInActivity.swift */; };
		C5D7CB1B1A817D3900F5823F /* open-in-icon.png in Resources */ = {isa = PBXBuildFile; fileRef = C5D7CB161A817A7400F5823F /* open-in-icon.png */; };
		C5D7CB1C1A817DE100F5823F /* open-in-icon.png in Resources */ = {isa = PBXBuildFile; fileRef = C5D7CB161A817A7400F5823F /* open-in-icon.png */; };
		C5D7CB1E1A817E9B00F5823F /* open-in-icon@2x.png in Resources */ = {isa = PBXBuildFile; fileRef = C5D7CB1D1A817E9B00F5823F /* open-in-icon@2x.png */; };
		C5F2740E1A7EA19700D4CB5D /* MapViewController.swift in Sources */ = {isa = PBXBuildFile; fileRef = C5F2740D1A7EA19700D4CB5D /* MapViewController.swift */; };
		C5F2740F1A7EA5C300D4CB5D /* AppDelegate.swift in Sources */ = {isa = PBXBuildFile; fileRef = C5FCB7601A7C750C00B6607A /* AppDelegate.swift */; };
		C5F274101A7EA5EA00D4CB5D /* MapViewController.swift in Sources */ = {isa = PBXBuildFile; fileRef = C5F2740D1A7EA19700D4CB5D /* MapViewController.swift */; };
		C5F274111A7EA5F100D4CB5D /* Main.storyboard in Resources */ = {isa = PBXBuildFile; fileRef = C5FCB7641A7C750C00B6607A /* Main.storyboard */; };
		C5FCB7611A7C750C00B6607A /* AppDelegate.swift in Sources */ = {isa = PBXBuildFile; fileRef = C5FCB7601A7C750C00B6607A /* AppDelegate.swift */; };
		C5FCB7631A7C750C00B6607A /* CameraViewController.swift in Sources */ = {isa = PBXBuildFile; fileRef = C5FCB7621A7C750C00B6607A /* CameraViewController.swift */; };
		C5FCB7661A7C750C00B6607A /* Main.storyboard in Resources */ = {isa = PBXBuildFile; fileRef = C5FCB7641A7C750C00B6607A /* Main.storyboard */; };
		C5FCB7681A7C750C00B6607A /* Images.xcassets in Resources */ = {isa = PBXBuildFile; fileRef = C5FCB7671A7C750C00B6607A /* Images.xcassets */; };
		C5FCB76B1A7C750C00B6607A /* LaunchScreen.xib in Resources */ = {isa = PBXBuildFile; fileRef = C5FCB7691A7C750C00B6607A /* LaunchScreen.xib */; };
		C5FCB7771A7C750C00B6607A /* SeeThereTests.swift in Sources */ = {isa = PBXBuildFile; fileRef = C5FCB7761A7C750C00B6607A /* SeeThereTests.swift */; };
		C5FCB7801A7D44E100B6607A /* CameraViewController.swift in Sources */ = {isa = PBXBuildFile; fileRef = C5FCB7621A7C750C00B6607A /* CameraViewController.swift */; };
		C5FCB7821A7D45B200B6607A /* LocationUtils.swift in Sources */ = {isa = PBXBuildFile; fileRef = C5FCB7811A7D45B200B6607A /* LocationUtils.swift */; };
		C5FCB7831A7D45B800B6607A /* LocationUtils.swift in Sources */ = {isa = PBXBuildFile; fileRef = C5FCB7811A7D45B200B6607A /* LocationUtils.swift */; };
/* End PBXBuildFile section */

/* Begin PBXContainerItemProxy section */
		C5FCB7711A7C750C00B6607A /* PBXContainerItemProxy */ = {
			isa = PBXContainerItemProxy;
			containerPortal = C5FCB7531A7C750C00B6607A /* Project object */;
			proxyType = 1;
			remoteGlobalIDString = C5FCB75A1A7C750C00B6607A;
			remoteInfo = SeeThere;
		};
/* End PBXContainerItemProxy section */

/* Begin PBXFileReference section */
		C51C94151A7F1B2700F5B49D /* locationspotter.gpx */ = {isa = PBXFileReference; fileEncoding = 4; lastKnownFileType = text.xml; path = locationspotter.gpx; sourceTree = "<group>"; };
		C51C94171A80002800F5B49D /* Private.swift */ = {isa = PBXFileReference; fileEncoding = 4; lastKnownFileType = sourcecode.swift; path = Private.swift; sourceTree = "<group>"; };
		C57B50AC1A81A93600D477E1 /* Localizable.strings */ = {isa = PBXFileReference; fileEncoding = 4; lastKnownFileType = text.plist.strings; path = Localizable.strings; sourceTree = "<group>"; };
		C5D7CB111A81707C00F5823F /* GPX.swift */ = {isa = PBXFileReference; fileEncoding = 4; lastKnownFileType = sourcecode.swift; path = GPX.swift; sourceTree = "<group>"; };
		C5D7CB141A81766E00F5823F /* OpenInActivity.swift */ = {isa = PBXFileReference; fileEncoding = 4; lastKnownFileType = sourcecode.swift; path = OpenInActivity.swift; sourceTree = "<group>"; };
		C5D7CB161A817A7400F5823F /* open-in-icon.png */ = {isa = PBXFileReference; lastKnownFileType = image.png; path = "open-in-icon.png"; sourceTree = "<group>"; };
		C5D7CB181A817A9200F5823F /* MapKit.framework */ = {isa = PBXFileReference; lastKnownFileType = wrapper.framework; name = MapKit.framework; path = System/Library/Frameworks/MapKit.framework; sourceTree = SDKROOT; };
		C5D7CB1D1A817E9B00F5823F /* open-in-icon@2x.png */ = {isa = PBXFileReference; lastKnownFileType = image.png; path = "open-in-icon@2x.png"; sourceTree = "<group>"; };
		C5F2740D1A7EA19700D4CB5D /* MapViewController.swift */ = {isa = PBXFileReference; fileEncoding = 4; lastKnownFileType = sourcecode.swift; path = MapViewController.swift; sourceTree = "<group>"; };
		C5FCB75B1A7C750C00B6607A /* SeeThere.app */ = {isa = PBXFileReference; explicitFileType = wrapper.application; includeInIndex = 0; path = SeeThere.app; sourceTree = BUILT_PRODUCTS_DIR; };
		C5FCB75F1A7C750C00B6607A /* Info.plist */ = {isa = PBXFileReference; lastKnownFileType = text.plist.xml; path = Info.plist; sourceTree = "<group>"; };
		C5FCB7601A7C750C00B6607A /* AppDelegate.swift */ = {isa = PBXFileReference; lastKnownFileType = sourcecode.swift; path = AppDelegate.swift; sourceTree = "<group>"; };
		C5FCB7621A7C750C00B6607A /* CameraViewController.swift */ = {isa = PBXFileReference; lastKnownFileType = sourcecode.swift; path = CameraViewController.swift; sourceTree = "<group>"; };
		C5FCB7651A7C750C00B6607A /* Base */ = {isa = PBXFileReference; lastKnownFileType = file.storyboard; name = Base; path = Base.lproj/Main.storyboard; sourceTree = "<group>"; };
		C5FCB7671A7C750C00B6607A /* Images.xcassets */ = {isa = PBXFileReference; lastKnownFileType = folder.assetcatalog; path = Images.xcassets; sourceTree = "<group>"; };
		C5FCB76A1A7C750C00B6607A /* Base */ = {isa = PBXFileReference; lastKnownFileType = file.xib; name = Base; path = Base.lproj/LaunchScreen.xib; sourceTree = "<group>"; };
		C5FCB7701A7C750C00B6607A /* SeeThereTests.xctest */ = {isa = PBXFileReference; explicitFileType = wrapper.cfbundle; includeInIndex = 0; path = SeeThereTests.xctest; sourceTree = BUILT_PRODUCTS_DIR; };
		C5FCB7751A7C750C00B6607A /* Info.plist */ = {isa = PBXFileReference; lastKnownFileType = text.plist.xml; path = Info.plist; sourceTree = "<group>"; };
		C5FCB7761A7C750C00B6607A /* SeeThereTests.swift */ = {isa = PBXFileReference; lastKnownFileType = sourcecode.swift; path = SeeThereTests.swift; sourceTree = "<group>"; };
		C5FCB7811A7D45B200B6607A /* LocationUtils.swift */ = {isa = PBXFileReference; fileEncoding = 4; lastKnownFileType = sourcecode.swift; path = LocationUtils.swift; sourceTree = "<group>"; };
/* End PBXFileReference section */

/* Begin PBXFrameworksBuildPhase section */
		C5FCB7581A7C750C00B6607A /* Frameworks */ = {
			isa = PBXFrameworksBuildPhase;
			buildActionMask = 2147483647;
			files = (
				C5D7CB191A817A9200F5823F /* MapKit.framework in Frameworks */,
			);
			runOnlyForDeploymentPostprocessing = 0;
		};
		C5FCB76D1A7C750C00B6607A /* Frameworks */ = {
			isa = PBXFrameworksBuildPhase;
			buildActionMask = 2147483647;
			files = (
			);
			runOnlyForDeploymentPostprocessing = 0;
		};
/* End PBXFrameworksBuildPhase section */

/* Begin PBXGroup section */
		C57B50AB1A8190A200D477E1 /* Icons */ = {
			isa = PBXGroup;
			children = (
				C5D7CB1D1A817E9B00F5823F /* open-in-icon@2x.png */,
				C5D7CB161A817A7400F5823F /* open-in-icon.png */,
			);
			name = Icons;
			sourceTree = "<group>";
		};
		C5FCB7521A7C750C00B6607A = {
			isa = PBXGroup;
			children = (
				C5D7CB181A817A9200F5823F /* MapKit.framework */,
				C51C94151A7F1B2700F5B49D /* locationspotter.gpx */,
				C5FCB75D1A7C750C00B6607A /* SeeThere */,
				C5FCB7731A7C750C00B6607A /* SeeThereTests */,
				C5FCB75C1A7C750C00B6607A /* Products */,
			);
			sourceTree = "<group>";
		};
		C5FCB75C1A7C750C00B6607A /* Products */ = {
			isa = PBXGroup;
			children = (
				C5FCB75B1A7C750C00B6607A /* SeeThere.app */,
				C5FCB7701A7C750C00B6607A /* SeeThereTests.xctest */,
			);
			name = Products;
			sourceTree = "<group>";
		};
		C5FCB75D1A7C750C00B6607A /* SeeThere */ = {
			isa = PBXGroup;
			children = (
				C5FCB7621A7C750C00B6607A /* CameraViewController.swift */,
				C5F2740D1A7EA19700D4CB5D /* MapViewController.swift */,
				C5FCB7601A7C750C00B6607A /* AppDelegate.swift */,
				C5D7CB111A81707C00F5823F /* GPX.swift */,
				C5D7CB141A81766E00F5823F /* OpenInActivity.swift */,
				C5FCB7811A7D45B200B6607A /* LocationUtils.swift */,
				C51C94171A80002800F5B49D /* Private.swift */,
				C5FCB7641A7C750C00B6607A /* Main.storyboard */,
				C57B50AC1A81A93600D477E1 /* Localizable.strings */,
				C5FCB7671A7C750C00B6607A /* Images.xcassets */,
				C5FCB7691A7C750C00B6607A /* LaunchScreen.xib */,
				C57B50AB1A8190A200D477E1 /* Icons */,
				C5FCB75E1A7C750C00B6607A /* Supporting Files */,
			);
			path = SeeThere;
			sourceTree = "<group>";
		};
		C5FCB75E1A7C750C00B6607A /* Supporting Files */ = {
			isa = PBXGroup;
			children = (
				C5FCB75F1A7C750C00B6607A /* Info.plist */,
			);
			name = "Supporting Files";
			sourceTree = "<group>";
		};
		C5FCB7731A7C750C00B6607A /* SeeThereTests */ = {
			isa = PBXGroup;
			children = (
				C5FCB7761A7C750C00B6607A /* SeeThereTests.swift */,
				C5FCB7741A7C750C00B6607A /* Supporting Files */,
			);
			path = SeeThereTests;
			sourceTree = "<group>";
		};
		C5FCB7741A7C750C00B6607A /* Supporting Files */ = {
			isa = PBXGroup;
			children = (
				C5FCB7751A7C750C00B6607A /* Info.plist */,
			);
			name = "Supporting Files";
			sourceTree = "<group>";
		};
/* End PBXGroup section */

/* Begin PBXNativeTarget section */
		C5FCB75A1A7C750C00B6607A /* See There */ = {
			isa = PBXNativeTarget;
			buildConfigurationList = C5FCB77A1A7C750C00B6607A /* Build configuration list for PBXNativeTarget "See There" */;
			buildPhases = (
				C5FCB7571A7C750C00B6607A /* Sources */,
				C5FCB7581A7C750C00B6607A /* Frameworks */,
				C5FCB7591A7C750C00B6607A /* Resources */,
			);
			buildRules = (
			);
			dependencies = (
			);
			name = "See There";
			productName = SeeThere;
			productReference = C5FCB75B1A7C750C00B6607A /* SeeThere.app */;
			productType = "com.apple.product-type.application";
		};
		C5FCB76F1A7C750C00B6607A /* SeeThereTests */ = {
			isa = PBXNativeTarget;
			buildConfigurationList = C5FCB77D1A7C750C00B6607A /* Build configuration list for PBXNativeTarget "SeeThereTests" */;
			buildPhases = (
				C5FCB76C1A7C750C00B6607A /* Sources */,
				C5FCB76D1A7C750C00B6607A /* Frameworks */,
				C5FCB76E1A7C750C00B6607A /* Resources */,
			);
			buildRules = (
			);
			dependencies = (
				C5FCB7721A7C750C00B6607A /* PBXTargetDependency */,
			);
			name = SeeThereTests;
			productName = SeeThereTests;
			productReference = C5FCB7701A7C750C00B6607A /* SeeThereTests.xctest */;
			productType = "com.apple.product-type.bundle.unit-test";
		};
/* End PBXNativeTarget section */

/* Begin PBXProject section */
		C5FCB7531A7C750C00B6607A /* Project object */ = {
			isa = PBXProject;
			attributes = {
				LastUpgradeCheck = 0610;
				ORGANIZATIONNAME = "Cameron Little";
				TargetAttributes = {
					C5FCB75A1A7C750C00B6607A = {
						CreatedOnToolsVersion = 6.1.1;
						DevelopmentTeam = 6D9DLTQJSN;
						SystemCapabilities = {
							com.apple.Maps.iOS = {
								enabled = 1;
							};
						};
					};
					C5FCB76F1A7C750C00B6607A = {
						CreatedOnToolsVersion = 6.1.1;
						TestTargetID = C5FCB75A1A7C750C00B6607A;
					};
				};
			};
			buildConfigurationList = C5FCB7561A7C750C00B6607A /* Build configuration list for PBXProject "SeeThere" */;
			compatibilityVersion = "Xcode 3.2";
			developmentRegion = English;
			hasScannedForEncodings = 0;
			knownRegions = (
				en,
				Base,
			);
			mainGroup = C5FCB7521A7C750C00B6607A;
			productRefGroup = C5FCB75C1A7C750C00B6607A /* Products */;
			projectDirPath = "";
			projectRoot = "";
			targets = (
				C5FCB75A1A7C750C00B6607A /* See There */,
				C5FCB76F1A7C750C00B6607A /* SeeThereTests */,
			);
		};
/* End PBXProject section */

/* Begin PBXResourcesBuildPhase section */
		C5FCB7591A7C750C00B6607A /* Resources */ = {
			isa = PBXResourcesBuildPhase;
			buildActionMask = 2147483647;
			files = (
				C5FCB7661A7C750C00B6607A /* Main.storyboard in Resources */,
				C5FCB76B1A7C750C00B6607A /* LaunchScreen.xib in Resources */,
				C5D7CB1C1A817DE100F5823F /* open-in-icon.png in Resources */,
				C57B50AD1A81A93600D477E1 /* Localizable.strings in Resources */,
				C51C94161A7F1B2700F5B49D /* locationspotter.gpx in Resources */,
				C5D7CB1E1A817E9B00F5823F /* open-in-icon@2x.png in Resources */,
				C5FCB7681A7C750C00B6607A /* Images.xcassets in Resources */,
			);
			runOnlyForDeploymentPostprocessing = 0;
		};
		C5FCB76E1A7C750C00B6607A /* Resources */ = {
			isa = PBXResourcesBuildPhase;
			buildActionMask = 2147483647;
			files = (
				C5F274111A7EA5F100D4CB5D /* Main.storyboard in Resources */,
				C5D7CB1B1A817D3900F5823F /* open-in-icon.png in Resources */,
			);
			runOnlyForDeploymentPostprocessing = 0;
		};
/* End PBXResourcesBuildPhase section */

/* Begin PBXSourcesBuildPhase section */
		C5FCB7571A7C750C00B6607A /* Sources */ = {
			isa = PBXSourcesBuildPhase;
			buildActionMask = 2147483647;
			files = (
				C5FCB7821A7D45B200B6607A /* LocationUtils.swift in Sources */,
				C5FCB7631A7C750C00B6607A /* CameraViewController.swift in Sources */,
				C5FCB7611A7C750C00B6607A /* AppDelegate.swift in Sources */,
				C5D7CB151A81766E00F5823F /* OpenInActivity.swift in Sources */,
				C5F2740E1A7EA19700D4CB5D /* MapViewController.swift in Sources */,
				C51C94181A80002800F5B49D /* Private.swift in Sources */,
				C5D7CB121A81707C00F5823F /* GPX.swift in Sources */,
			);
			runOnlyForDeploymentPostprocessing = 0;
		};
		C5FCB76C1A7C750C00B6607A /* Sources */ = {
			isa = PBXSourcesBuildPhase;
			buildActionMask = 2147483647;
			files = (
				C5F2740F1A7EA5C300D4CB5D /* AppDelegate.swift in Sources */,
				C5FCB7831A7D45B800B6607A /* LocationUtils.swift in Sources */,
				C5FCB7801A7D44E100B6607A /* CameraViewController.swift in Sources */,
				C5D7CB131A8171D100F5823F /* GPX.swift in Sources */,
				C5F274101A7EA5EA00D4CB5D /* MapViewController.swift in Sources */,
				C5D7CB1A1A817C4600F5823F /* OpenInActivity.swift in Sources */,
				C5FCB7771A7C750C00B6607A /* SeeThereTests.swift in Sources */,
				C51C94191A80002800F5B49D /* Private.swift in Sources */,
			);
			runOnlyForDeploymentPostprocessing = 0;
		};
/* End PBXSourcesBuildPhase section */

/* Begin PBXTargetDependency section */
		C5FCB7721A7C750C00B6607A /* PBXTargetDependency */ = {
			isa = PBXTargetDependency;
			target = C5FCB75A1A7C750C00B6607A /* See There */;
			targetProxy = C5FCB7711A7C750C00B6607A /* PBXContainerItemProxy */;
		};
/* End PBXTargetDependency section */

/* Begin PBXVariantGroup section */
		C5FCB7641A7C750C00B6607A /* Main.storyboard */ = {
			isa = PBXVariantGroup;
			children = (
				C5FCB7651A7C750C00B6607A /* Base */,
			);
			name = Main.storyboard;
			sourceTree = "<group>";
		};
		C5FCB7691A7C750C00B6607A /* LaunchScreen.xib */ = {
			isa = PBXVariantGroup;
			children = (
				C5FCB76A1A7C750C00B6607A /* Base */,
			);
			name = LaunchScreen.xib;
			sourceTree = "<group>";
		};
/* End PBXVariantGroup section */

/* Begin XCBuildConfiguration section */
		C5FCB7781A7C750C00B6607A /* Debug */ = {
			isa = XCBuildConfiguration;
			buildSettings = {
				ALWAYS_SEARCH_USER_PATHS = NO;
				CLANG_CXX_LANGUAGE_STANDARD = "gnu++0x";
				CLANG_CXX_LIBRARY = "libc++";
				CLANG_ENABLE_MODULES = YES;
				CLANG_ENABLE_OBJC_ARC = YES;
				CLANG_WARN_BOOL_CONVERSION = YES;
				CLANG_WARN_CONSTANT_CONVERSION = YES;
				CLANG_WARN_DIRECT_OBJC_ISA_USAGE = YES_ERROR;
				CLANG_WARN_EMPTY_BODY = YES;
				CLANG_WARN_ENUM_CONVERSION = YES;
				CLANG_WARN_INT_CONVERSION = YES;
				CLANG_WARN_OBJC_ROOT_CLASS = YES_ERROR;
				CLANG_WARN_UNREACHABLE_CODE = YES;
				CLANG_WARN__DUPLICATE_METHOD_MATCH = YES;
				"CODE_SIGN_IDENTITY[sdk=iphoneos*]" = "iPhone Developer";
				COPY_PHASE_STRIP = NO;
				ENABLE_STRICT_OBJC_MSGSEND = YES;
				GCC_C_LANGUAGE_STANDARD = gnu99;
				GCC_DYNAMIC_NO_PIC = NO;
				GCC_OPTIMIZATION_LEVEL = 0;
				GCC_PREPROCESSOR_DEFINITIONS = (
					"DEBUG=1",
					"$(inherited)",
				);
				GCC_SYMBOLS_PRIVATE_EXTERN = NO;
				GCC_WARN_64_TO_32_BIT_CONVERSION = YES;
				GCC_WARN_ABOUT_RETURN_TYPE = YES_ERROR;
				GCC_WARN_UNDECLARED_SELECTOR = YES;
				GCC_WARN_UNINITIALIZED_AUTOS = YES_AGGRESSIVE;
				GCC_WARN_UNUSED_FUNCTION = YES;
				GCC_WARN_UNUSED_VARIABLE = YES;
				IPHONEOS_DEPLOYMENT_TARGET = 8.1;
				MTL_ENABLE_DEBUG_INFO = YES;
				ONLY_ACTIVE_ARCH = YES;
				SDKROOT = iphoneos;
				SWIFT_OPTIMIZATION_LEVEL = "-Onone";
				TARGETED_DEVICE_FAMILY = "1,2";
			};
			name = Debug;
		};
		C5FCB7791A7C750C00B6607A /* Release */ = {
			isa = XCBuildConfiguration;
			buildSettings = {
				ALWAYS_SEARCH_USER_PATHS = NO;
				CLANG_CXX_LANGUAGE_STANDARD = "gnu++0x";
				CLANG_CXX_LIBRARY = "libc++";
				CLANG_ENABLE_MODULES = YES;
				CLANG_ENABLE_OBJC_ARC = YES;
				CLANG_WARN_BOOL_CONVERSION = YES;
				CLANG_WARN_CONSTANT_CONVERSION = YES;
				CLANG_WARN_DIRECT_OBJC_ISA_USAGE = YES_ERROR;
				CLANG_WARN_EMPTY_BODY = YES;
				CLANG_WARN_ENUM_CONVERSION = YES;
				CLANG_WARN_INT_CONVERSION = YES;
				CLANG_WARN_OBJC_ROOT_CLASS = YES_ERROR;
				CLANG_WARN_UNREACHABLE_CODE = YES;
				CLANG_WARN__DUPLICATE_METHOD_MATCH = YES;
				"CODE_SIGN_IDENTITY[sdk=iphoneos*]" = "iPhone Developer";
				COPY_PHASE_STRIP = YES;
				ENABLE_NS_ASSERTIONS = NO;
				ENABLE_STRICT_OBJC_MSGSEND = YES;
				GCC_C_LANGUAGE_STANDARD = gnu99;
				GCC_WARN_64_TO_32_BIT_CONVERSION = YES;
				GCC_WARN_ABOUT_RETURN_TYPE = YES_ERROR;
				GCC_WARN_UNDECLARED_SELECTOR = YES;
				GCC_WARN_UNINITIALIZED_AUTOS = YES_AGGRESSIVE;
				GCC_WARN_UNUSED_FUNCTION = YES;
				GCC_WARN_UNUSED_VARIABLE = YES;
				IPHONEOS_DEPLOYMENT_TARGET = 8.1;
				MTL_ENABLE_DEBUG_INFO = NO;
				SDKROOT = iphoneos;
				TARGETED_DEVICE_FAMILY = "1,2";
				VALIDATE_PRODUCT = YES;
			};
			name = Release;
		};
		C5FCB77B1A7C750C00B6607A /* Debug */ = {
			isa = XCBuildConfiguration;
			buildSettings = {
				ASSETCATALOG_COMPILER_APPICON_NAME = AppIcon;
				CODE_SIGN_IDENTITY = "iPhone Developer";
				"CODE_SIGN_IDENTITY[sdk=iphoneos*]" = "iPhone Developer";
				INFOPLIST_FILE = SeeThere/Info.plist;
				IPHONEOS_DEPLOYMENT_TARGET = 8.1;
				LD_RUNPATH_SEARCH_PATHS = "$(inherited) @executable_path/Frameworks";
				PRODUCT_NAME = SeeThere;
				PROVISIONING_PROFILE = "";
				TARGETED_DEVICE_FAMILY = 1;
			};
			name = Debug;
		};
		C5FCB77C1A7C750C00B6607A /* Release */ = {
			isa = XCBuildConfiguration;
			buildSettings = {
				ASSETCATALOG_COMPILER_APPICON_NAME = AppIcon;
				CODE_SIGN_IDENTITY = "iPhone Developer";
				"CODE_SIGN_IDENTITY[sdk=iphoneos*]" = "iPhone Developer";
				INFOPLIST_FILE = SeeThere/Info.plist;
				IPHONEOS_DEPLOYMENT_TARGET = 8.1;
				LD_RUNPATH_SEARCH_PATHS = "$(inherited) @executable_path/Frameworks";
				PRODUCT_NAME = SeeThere;
				PROVISIONING_PROFILE = "";
				TARGETED_DEVICE_FAMILY = 1;
			};
			name = Release;
		};
		C5FCB77E1A7C750C00B6607A /* Debug */ = {
			isa = XCBuildConfiguration;
			buildSettings = {
				BUNDLE_LOADER = "$(TEST_HOST)";
				FRAMEWORK_SEARCH_PATHS = (
					"$(SDKROOT)/Developer/Library/Frameworks",
					"$(inherited)",
				);
				GCC_PREPROCESSOR_DEFINITIONS = (
					"DEBUG=1",
					"$(inherited)",
				);
				INFOPLIST_FILE = SeeThereTests/Info.plist;
				LD_RUNPATH_SEARCH_PATHS = "$(inherited) @executable_path/Frameworks @loader_path/Frameworks";
				PRODUCT_NAME = SeeThereTests;
				TEST_HOST = "$(BUILT_PRODUCTS_DIR)/SeeThere.app/SeeThere";
			};
			name = Debug;
		};
		C5FCB77F1A7C750C00B6607A /* Release */ = {
			isa = XCBuildConfiguration;
			buildSettings = {
				BUNDLE_LOADER = "$(TEST_HOST)";
				FRAMEWORK_SEARCH_PATHS = (
					"$(SDKROOT)/Developer/Library/Frameworks",
					"$(inherited)",
				);
				INFOPLIST_FILE = SeeThereTests/Info.plist;
				LD_RUNPATH_SEARCH_PATHS = "$(inherited) @executable_path/Frameworks @loader_path/Frameworks";
				PRODUCT_NAME = SeeThereTests;
				TEST_HOST = "$(BUILT_PRODUCTS_DIR)/SeeThere.app/SeeThere";
			};
			name = Release;
		};
/* End XCBuildConfiguration section */

/* Begin XCConfigurationList section */
		C5FCB7561A7C750C00B6607A /* Build configuration list for PBXProject "SeeThere" */ = {
			isa = XCConfigurationList;
			buildConfigurations = (
				C5FCB7781A7C750C00B6607A /* Debug */,
				C5FCB7791A7C750C00B6607A /* Release */,
			);
			defaultConfigurationIsVisible = 0;
			defaultConfigurationName = Release;
		};
		C5FCB77A1A7C750C00B6607A /* Build configuration list for PBXNativeTarget "See There" */ = {
			isa = XCConfigurationList;
			buildConfigurations = (
				C5FCB77B1A7C750C00B6607A /* Debug */,
				C5FCB77C1A7C750C00B6607A /* Release */,
			);
			defaultConfigurationIsVisible = 0;
			defaultConfigurationName = Release;
		};
		C5FCB77D1A7C750C00B6607A /* Build configuration list for PBXNativeTarget "SeeThereTests" */ = {
			isa = XCConfigurationList;
			buildConfigurations = (
				C5FCB77E1A7C750C00B6607A /* Debug */,
				C5FCB77F1A7C750C00B6607A /* Release */,
			);
			defaultConfigurationIsVisible = 0;
			defaultConfigurationName = Release;
		};
/* End XCConfigurationList section */
	};
	rootObject = C5FCB7531A7C750C00B6607A /* Project object */;
}
